{
  "name": "share-together-cli",
  "version": "0.1.0",
  "lockfileVersion": 3,
  "requires": true,
  "packages": {
    "": {
      "name": "share-together-cli",
      "version": "0.1.0",
      "bin": {
        "share-together": "cli.js"
      },
      "engines": {
        "node": ">=18"
      }
    }
  }
}
